
Microsoft Visual Studio Solution File, Format Version 12.00
# Visual Studio Version 17
VisualStudioVersion = 17.6.33815.320
MinimumVisualStudioVersion = 10.0.40219.1
Project("{FAE04EC0-301F-11D3-BF4B-00C04F79EFBC}") = "Esercizio 2", "Esercizio 2\Esercizio 2.csproj", "{B879BDA4-458A-4C52-96C2-8C8605923257}"
EndProject
Global
	GlobalSection(SolutionConfigurationPlatforms) = preSolution
		Debug|Any CPU = Debug|Any CPU
		Release|Any CPU = Release|Any CPU
	EndGlobalSection
	GlobalSection(ProjectConfigurationPlatforms) = postSolution
		{B879BDA4-458A-4C52-96C2-8C8605923257}.Debug|Any CPU.ActiveCfg = Debug|Any CPU
		{B879BDA4-458A-4C52-96C2-8C8605923257}.Debug|Any CPU.Build.0 = Debug|Any CPU
		{B879BDA4-458A-4C52-96C2-8C8605923257}.Release|Any CPU.ActiveCfg = Release|Any CPU
		{B879BDA4-458A-4C52-96C2-8C8605923257}.Release|Any CPU.Build.0 = Release|Any CPU
	EndGlobalSection
	GlobalSection(SolutionProperties) = preSolution
		HideSolutionNode = FALSE
	EndGlobalSection
	GlobalSection(ExtensibilityGlobals) = postSolution
		SolutionGuid = {A6E65A34-B6D3-41DD-AA27-AE977BB5F693}
	EndGlobalSection
EndGlobal
