
Microsoft Visual Studio Solution File, Format Version 12.00
# Visual Studio Version 17
VisualStudioVersion = 17.6.33815.320
MinimumVisualStudioVersion = 10.0.40219.1
Project("{FAE04EC0-301F-11D3-BF4B-00C04F79EFBC}") = "Esercizio 26", "Esercizio 26\Esercizio 26.csproj", "{B3153B3C-4DE4-455B-8438-3DC2D14BB2A3}"
EndProject
Global
	GlobalSection(SolutionConfigurationPlatforms) = preSolution
		Debug|Any CPU = Debug|Any CPU
		Release|Any CPU = Release|Any CPU
	EndGlobalSection
	GlobalSection(ProjectConfigurationPlatforms) = postSolution
		{B3153B3C-4DE4-455B-8438-3DC2D14BB2A3}.Debug|Any CPU.ActiveCfg = Debug|Any CPU
		{B3153B3C-4DE4-455B-8438-3DC2D14BB2A3}.Debug|Any CPU.Build.0 = Debug|Any CPU
		{B3153B3C-4DE4-455B-8438-3DC2D14BB2A3}.Release|Any CPU.ActiveCfg = Release|Any CPU
		{B3153B3C-4DE4-455B-8438-3DC2D14BB2A3}.Release|Any CPU.Build.0 = Release|Any CPU
	EndGlobalSection
	GlobalSection(SolutionProperties) = preSolution
		HideSolutionNode = FALSE
	EndGlobalSection
	GlobalSection(ExtensibilityGlobals) = postSolution
		SolutionGuid = {A8FC0303-2D6C-48A4-B741-44BBD2947AD4}
	EndGlobalSection
EndGlobal
