
Microsoft Visual Studio Solution File, Format Version 12.00
# Visual Studio Version 17
VisualStudioVersion = 17.6.33815.320
MinimumVisualStudioVersion = 10.0.40219.1
Project("{FAE04EC0-301F-11D3-BF4B-00C04F79EFBC}") = "Esercizio 22", "Esercizio 22\Esercizio 22.csproj", "{4B7BADA2-559D-4AE3-815E-348E4F271544}"
EndProject
Global
	GlobalSection(SolutionConfigurationPlatforms) = preSolution
		Debug|Any CPU = Debug|Any CPU
		Release|Any CPU = Release|Any CPU
	EndGlobalSection
	GlobalSection(ProjectConfigurationPlatforms) = postSolution
		{4B7BADA2-559D-4AE3-815E-348E4F271544}.Debug|Any CPU.ActiveCfg = Debug|Any CPU
		{4B7BADA2-559D-4AE3-815E-348E4F271544}.Debug|Any CPU.Build.0 = Debug|Any CPU
		{4B7BADA2-559D-4AE3-815E-348E4F271544}.Release|Any CPU.ActiveCfg = Release|Any CPU
		{4B7BADA2-559D-4AE3-815E-348E4F271544}.Release|Any CPU.Build.0 = Release|Any CPU
	EndGlobalSection
	GlobalSection(SolutionProperties) = preSolution
		HideSolutionNode = FALSE
	EndGlobalSection
	GlobalSection(ExtensibilityGlobals) = postSolution
		SolutionGuid = {893AE464-E81A-4A17-B594-16AEE167E373}
	EndGlobalSection
EndGlobal
