
Microsoft Visual Studio Solution File, Format Version 12.00
# Visual Studio Version 17
VisualStudioVersion = 17.6.33815.320
MinimumVisualStudioVersion = 10.0.40219.1
Project("{FAE04EC0-301F-11D3-BF4B-00C04F79EFBC}") = "Esercizio 5", "Esercizio 5\Esercizio 5.csproj", "{00232E8C-EE8F-45B0-BE54-2ED749BC79C2}"
EndProject
Global
	GlobalSection(SolutionConfigurationPlatforms) = preSolution
		Debug|Any CPU = Debug|Any CPU
		Release|Any CPU = Release|Any CPU
	EndGlobalSection
	GlobalSection(ProjectConfigurationPlatforms) = postSolution
		{00232E8C-EE8F-45B0-BE54-2ED749BC79C2}.Debug|Any CPU.ActiveCfg = Debug|Any CPU
		{00232E8C-EE8F-45B0-BE54-2ED749BC79C2}.Debug|Any CPU.Build.0 = Debug|Any CPU
		{00232E8C-EE8F-45B0-BE54-2ED749BC79C2}.Release|Any CPU.ActiveCfg = Release|Any CPU
		{00232E8C-EE8F-45B0-BE54-2ED749BC79C2}.Release|Any CPU.Build.0 = Release|Any CPU
	EndGlobalSection
	GlobalSection(SolutionProperties) = preSolution
		HideSolutionNode = FALSE
	EndGlobalSection
	GlobalSection(ExtensibilityGlobals) = postSolution
		SolutionGuid = {1B5E98E2-6B0E-4D51-BEC3-ED664B7A9544}
	EndGlobalSection
EndGlobal
