
Microsoft Visual Studio Solution File, Format Version 12.00
# Visual Studio Version 17
VisualStudioVersion = 17.6.33815.320
MinimumVisualStudioVersion = 10.0.40219.1
Project("{FAE04EC0-301F-11D3-BF4B-00C04F79EFBC}") = "Esercizio 24", "Esercizio 24\Esercizio 24.csproj", "{90946904-0FE7-4358-857E-6859A4F27E8C}"
EndProject
Global
	GlobalSection(SolutionConfigurationPlatforms) = preSolution
		Debug|Any CPU = Debug|Any CPU
		Release|Any CPU = Release|Any CPU
	EndGlobalSection
	GlobalSection(ProjectConfigurationPlatforms) = postSolution
		{90946904-0FE7-4358-857E-6859A4F27E8C}.Debug|Any CPU.ActiveCfg = Debug|Any CPU
		{90946904-0FE7-4358-857E-6859A4F27E8C}.Debug|Any CPU.Build.0 = Debug|Any CPU
		{90946904-0FE7-4358-857E-6859A4F27E8C}.Release|Any CPU.ActiveCfg = Release|Any CPU
		{90946904-0FE7-4358-857E-6859A4F27E8C}.Release|Any CPU.Build.0 = Release|Any CPU
	EndGlobalSection
	GlobalSection(SolutionProperties) = preSolution
		HideSolutionNode = FALSE
	EndGlobalSection
	GlobalSection(ExtensibilityGlobals) = postSolution
		SolutionGuid = {ED1A88D6-01CD-434C-AAE9-C8924FF312A6}
	EndGlobalSection
EndGlobal
