
Microsoft Visual Studio Solution File, Format Version 12.00
# Visual Studio Version 17
VisualStudioVersion = 17.8.34525.116
MinimumVisualStudioVersion = 10.0.40219.1
Project("{FAE04EC0-301F-11D3-BF4B-00C04F79EFBC}") = "Esercizio 15", "Esercizio 15\Esercizio 15.csproj", "{1A10FE94-5B2C-49D1-B631-F9CB4C4FE16D}"
EndProject
Global
	GlobalSection(SolutionConfigurationPlatforms) = preSolution
		Debug|Any CPU = Debug|Any CPU
		Release|Any CPU = Release|Any CPU
	EndGlobalSection
	GlobalSection(ProjectConfigurationPlatforms) = postSolution
		{1A10FE94-5B2C-49D1-B631-F9CB4C4FE16D}.Debug|Any CPU.ActiveCfg = Debug|Any CPU
		{1A10FE94-5B2C-49D1-B631-F9CB4C4FE16D}.Debug|Any CPU.Build.0 = Debug|Any CPU
		{1A10FE94-5B2C-49D1-B631-F9CB4C4FE16D}.Release|Any CPU.ActiveCfg = Release|Any CPU
		{1A10FE94-5B2C-49D1-B631-F9CB4C4FE16D}.Release|Any CPU.Build.0 = Release|Any CPU
	EndGlobalSection
	GlobalSection(SolutionProperties) = preSolution
		HideSolutionNode = FALSE
	EndGlobalSection
	GlobalSection(ExtensibilityGlobals) = postSolution
		SolutionGuid = {4CED759A-82F8-47FF-A121-4E75839408B5}
	EndGlobalSection
EndGlobal
