
Microsoft Visual Studio Solution File, Format Version 12.00
# Visual Studio Version 17
VisualStudioVersion = 17.6.33815.320
MinimumVisualStudioVersion = 10.0.40219.1
Project("{FAE04EC0-301F-11D3-BF4B-00C04F79EFBC}") = "Esercizio 28", "Esercizio 28\Esercizio 28.csproj", "{8B1AF0EC-DF4B-48F3-A833-27BFD791467C}"
EndProject
Global
	GlobalSection(SolutionConfigurationPlatforms) = preSolution
		Debug|Any CPU = Debug|Any CPU
		Release|Any CPU = Release|Any CPU
	EndGlobalSection
	GlobalSection(ProjectConfigurationPlatforms) = postSolution
		{8B1AF0EC-DF4B-48F3-A833-27BFD791467C}.Debug|Any CPU.ActiveCfg = Debug|Any CPU
		{8B1AF0EC-DF4B-48F3-A833-27BFD791467C}.Debug|Any CPU.Build.0 = Debug|Any CPU
		{8B1AF0EC-DF4B-48F3-A833-27BFD791467C}.Release|Any CPU.ActiveCfg = Release|Any CPU
		{8B1AF0EC-DF4B-48F3-A833-27BFD791467C}.Release|Any CPU.Build.0 = Release|Any CPU
	EndGlobalSection
	GlobalSection(SolutionProperties) = preSolution
		HideSolutionNode = FALSE
	EndGlobalSection
	GlobalSection(ExtensibilityGlobals) = postSolution
		SolutionGuid = {30C01B61-32A6-441D-B272-115C36852047}
	EndGlobalSection
EndGlobal
