
Microsoft Visual Studio Solution File, Format Version 12.00
# Visual Studio Version 17
VisualStudioVersion = 17.6.33815.320
MinimumVisualStudioVersion = 10.0.40219.1
Project("{FAE04EC0-301F-11D3-BF4B-00C04F79EFBC}") = "Esericizio 30", "Esericizio 30\Esericizio 30.csproj", "{7170594A-D18E-4900-9E5B-AE44215B0481}"
EndProject
Global
	GlobalSection(SolutionConfigurationPlatforms) = preSolution
		Debug|Any CPU = Debug|Any CPU
		Release|Any CPU = Release|Any CPU
	EndGlobalSection
	GlobalSection(ProjectConfigurationPlatforms) = postSolution
		{7170594A-D18E-4900-9E5B-AE44215B0481}.Debug|Any CPU.ActiveCfg = Debug|Any CPU
		{7170594A-D18E-4900-9E5B-AE44215B0481}.Debug|Any CPU.Build.0 = Debug|Any CPU
		{7170594A-D18E-4900-9E5B-AE44215B0481}.Release|Any CPU.ActiveCfg = Release|Any CPU
		{7170594A-D18E-4900-9E5B-AE44215B0481}.Release|Any CPU.Build.0 = Release|Any CPU
	EndGlobalSection
	GlobalSection(SolutionProperties) = preSolution
		HideSolutionNode = FALSE
	EndGlobalSection
	GlobalSection(ExtensibilityGlobals) = postSolution
		SolutionGuid = {7CE60AD0-EDCC-40EB-8F62-B768D45DE940}
	EndGlobalSection
EndGlobal
