
Microsoft Visual Studio Solution File, Format Version 12.00
# Visual Studio Version 17
VisualStudioVersion = 17.6.33815.320
MinimumVisualStudioVersion = 10.0.40219.1
Project("{FAE04EC0-301F-11D3-BF4B-00C04F79EFBC}") = "Esercizio 31", "Esercizio 31\Esercizio 31.csproj", "{8B51ED50-3F0E-4BB5-9A12-1EAC47BF79C3}"
EndProject
Global
	GlobalSection(SolutionConfigurationPlatforms) = preSolution
		Debug|Any CPU = Debug|Any CPU
		Release|Any CPU = Release|Any CPU
	EndGlobalSection
	GlobalSection(ProjectConfigurationPlatforms) = postSolution
		{8B51ED50-3F0E-4BB5-9A12-1EAC47BF79C3}.Debug|Any CPU.ActiveCfg = Debug|Any CPU
		{8B51ED50-3F0E-4BB5-9A12-1EAC47BF79C3}.Debug|Any CPU.Build.0 = Debug|Any CPU
		{8B51ED50-3F0E-4BB5-9A12-1EAC47BF79C3}.Release|Any CPU.ActiveCfg = Release|Any CPU
		{8B51ED50-3F0E-4BB5-9A12-1EAC47BF79C3}.Release|Any CPU.Build.0 = Release|Any CPU
	EndGlobalSection
	GlobalSection(SolutionProperties) = preSolution
		HideSolutionNode = FALSE
	EndGlobalSection
	GlobalSection(ExtensibilityGlobals) = postSolution
		SolutionGuid = {3086E875-3ED0-43D4-9399-32F6F228F56E}
	EndGlobalSection
EndGlobal
