
Microsoft Visual Studio Solution File, Format Version 12.00
# Visual Studio Version 17
VisualStudioVersion = 17.6.33815.320
MinimumVisualStudioVersion = 10.0.40219.1
Project("{FAE04EC0-301F-11D3-BF4B-00C04F79EFBC}") = "Esercizio 12", "Esercizio 12\Esercizio 12.csproj", "{40D99BB7-F547-42E6-B506-BABE38B389C1}"
EndProject
Global
	GlobalSection(SolutionConfigurationPlatforms) = preSolution
		Debug|Any CPU = Debug|Any CPU
		Release|Any CPU = Release|Any CPU
	EndGlobalSection
	GlobalSection(ProjectConfigurationPlatforms) = postSolution
		{40D99BB7-F547-42E6-B506-BABE38B389C1}.Debug|Any CPU.ActiveCfg = Debug|Any CPU
		{40D99BB7-F547-42E6-B506-BABE38B389C1}.Debug|Any CPU.Build.0 = Debug|Any CPU
		{40D99BB7-F547-42E6-B506-BABE38B389C1}.Release|Any CPU.ActiveCfg = Release|Any CPU
		{40D99BB7-F547-42E6-B506-BABE38B389C1}.Release|Any CPU.Build.0 = Release|Any CPU
	EndGlobalSection
	GlobalSection(SolutionProperties) = preSolution
		HideSolutionNode = FALSE
	EndGlobalSection
	GlobalSection(ExtensibilityGlobals) = postSolution
		SolutionGuid = {D3F13665-DDED-42A1-8C22-EB3559F865F3}
	EndGlobalSection
EndGlobal
