
Microsoft Visual Studio Solution File, Format Version 12.00
# Visual Studio Version 17
VisualStudioVersion = 17.6.33815.320
MinimumVisualStudioVersion = 10.0.40219.1
Project("{FAE04EC0-301F-11D3-BF4B-00C04F79EFBC}") = "Esercizio 6", "Esercizio 6\Esercizio 6.csproj", "{DE51E0CB-B926-4658-894C-3E8953516692}"
EndProject
Global
	GlobalSection(SolutionConfigurationPlatforms) = preSolution
		Debug|Any CPU = Debug|Any CPU
		Release|Any CPU = Release|Any CPU
	EndGlobalSection
	GlobalSection(ProjectConfigurationPlatforms) = postSolution
		{DE51E0CB-B926-4658-894C-3E8953516692}.Debug|Any CPU.ActiveCfg = Debug|Any CPU
		{DE51E0CB-B926-4658-894C-3E8953516692}.Debug|Any CPU.Build.0 = Debug|Any CPU
		{DE51E0CB-B926-4658-894C-3E8953516692}.Release|Any CPU.ActiveCfg = Release|Any CPU
		{DE51E0CB-B926-4658-894C-3E8953516692}.Release|Any CPU.Build.0 = Release|Any CPU
	EndGlobalSection
	GlobalSection(SolutionProperties) = preSolution
		HideSolutionNode = FALSE
	EndGlobalSection
	GlobalSection(ExtensibilityGlobals) = postSolution
		SolutionGuid = {60BA7A05-CCD1-4A69-A987-1B5F943C91E5}
	EndGlobalSection
EndGlobal
