
Microsoft Visual Studio Solution File, Format Version 12.00
# Visual Studio Version 17
VisualStudioVersion = 17.8.34525.116
MinimumVisualStudioVersion = 10.0.40219.1
Project("{FAE04EC0-301F-11D3-BF4B-00C04F79EFBC}") = "Esercizio 13", "Esercizio 13\Esercizio 13.csproj", "{5ADA158B-7760-4B12-B847-DC5A129A8C96}"
EndProject
Global
	GlobalSection(SolutionConfigurationPlatforms) = preSolution
		Debug|Any CPU = Debug|Any CPU
		Release|Any CPU = Release|Any CPU
	EndGlobalSection
	GlobalSection(ProjectConfigurationPlatforms) = postSolution
		{5ADA158B-7760-4B12-B847-DC5A129A8C96}.Debug|Any CPU.ActiveCfg = Debug|Any CPU
		{5ADA158B-7760-4B12-B847-DC5A129A8C96}.Debug|Any CPU.Build.0 = Debug|Any CPU
		{5ADA158B-7760-4B12-B847-DC5A129A8C96}.Release|Any CPU.ActiveCfg = Release|Any CPU
		{5ADA158B-7760-4B12-B847-DC5A129A8C96}.Release|Any CPU.Build.0 = Release|Any CPU
	EndGlobalSection
	GlobalSection(SolutionProperties) = preSolution
		HideSolutionNode = FALSE
	EndGlobalSection
	GlobalSection(ExtensibilityGlobals) = postSolution
		SolutionGuid = {8157896C-3A19-4C03-AFE4-4CB1A1E15648}
	EndGlobalSection
EndGlobal
