
Microsoft Visual Studio Solution File, Format Version 12.00
# Visual Studio Version 17
VisualStudioVersion = 17.6.33815.320
MinimumVisualStudioVersion = 10.0.40219.1
Project("{FAE04EC0-301F-11D3-BF4B-00C04F79EFBC}") = "Esercizio 23", "Esercizio 23\Esercizio 23.csproj", "{1A5E7408-43E4-432A-8D5F-D69B28D04010}"
EndProject
Global
	GlobalSection(SolutionConfigurationPlatforms) = preSolution
		Debug|Any CPU = Debug|Any CPU
		Release|Any CPU = Release|Any CPU
	EndGlobalSection
	GlobalSection(ProjectConfigurationPlatforms) = postSolution
		{1A5E7408-43E4-432A-8D5F-D69B28D04010}.Debug|Any CPU.ActiveCfg = Debug|Any CPU
		{1A5E7408-43E4-432A-8D5F-D69B28D04010}.Debug|Any CPU.Build.0 = Debug|Any CPU
		{1A5E7408-43E4-432A-8D5F-D69B28D04010}.Release|Any CPU.ActiveCfg = Release|Any CPU
		{1A5E7408-43E4-432A-8D5F-D69B28D04010}.Release|Any CPU.Build.0 = Release|Any CPU
	EndGlobalSection
	GlobalSection(SolutionProperties) = preSolution
		HideSolutionNode = FALSE
	EndGlobalSection
	GlobalSection(ExtensibilityGlobals) = postSolution
		SolutionGuid = {2BA4040F-444A-41F0-A969-5FCAD9C5A7AE}
	EndGlobalSection
EndGlobal
